
Microsoft Visual Studio Solution File, Format Version 12.00
# Visual Studio 15
VisualStudioVersion = 15.0.28307.779
MinimumVisualStudioVersion = 10.0.40219.1
Project("{888888A0-9F3D-457C-B088-3A5042F75D52}") = "Apriltag_python", "Apriltag_python\Apriltag_python.pyproj", "{043C4077-DE4C-4D24-9FF2-2BA33E42362E}"
EndProject
Global
	GlobalSection(SolutionConfigurationPlatforms) = preSolution
		Debug|Any CPU = Debug|Any CPU
		Release|Any CPU = Release|Any CPU
	EndGlobalSection
	GlobalSection(ProjectConfigurationPlatforms) = postSolution
		{043C4077-DE4C-4D24-9FF2-2BA33E42362E}.Debug|Any CPU.ActiveCfg = Debug|Any CPU
		{043C4077-DE4C-4D24-9FF2-2BA33E42362E}.Release|Any CPU.ActiveCfg = Release|Any CPU
	EndGlobalSection
	GlobalSection(SolutionProperties) = preSolution
		HideSolutionNode = FALSE
	EndGlobalSection
	GlobalSection(ExtensibilityGlobals) = postSolution
		SolutionGuid = {CD49B527-447A-4DBF-8896-785F016AA530}
	EndGlobalSection
EndGlobal
